
Microsoft Visual Studio Solution File, Format Version 12.00
# Visual Studio Version 17
VisualStudioVersion = 17.11.35208.52
MinimumVisualStudioVersion = 10.0.40219.1
Project("{9A19103F-16F7-4668-BE54-9A1E7A4F7556}") = "MultiPrecisionComplexAlgebra", "MultiPrecisionComplexAlgebra\MultiPrecisionComplexAlgebra.csproj", "{7910B2EB-7093-4AA3-8E9E-FC2DE2A4D8D8}"
EndProject
Project("{FAE04EC0-301F-11D3-BF4B-00C04F79EFBC}") = "MultiPrecisionComplexAlgebraTest", "MultiPrecisionComplexAlgebraTest\MultiPrecisionComplexAlgebraTest.csproj", "{0E007393-ACE4-4320-ACBD-5004DC3B44CB}"
	ProjectSection(ProjectDependencies) = postProject
		{7910B2EB-7093-4AA3-8E9E-FC2DE2A4D8D8} = {7910B2EB-7093-4AA3-8E9E-FC2DE2A4D8D8}
	EndProjectSection
EndProject
Global
	GlobalSection(SolutionConfigurationPlatforms) = preSolution
		Debug|Any CPU = Debug|Any CPU
		Release|Any CPU = Release|Any CPU
	EndGlobalSection
	GlobalSection(ProjectConfigurationPlatforms) = postSolution
		{7910B2EB-7093-4AA3-8E9E-FC2DE2A4D8D8}.Debug|Any CPU.ActiveCfg = Debug|Any CPU
		{7910B2EB-7093-4AA3-8E9E-FC2DE2A4D8D8}.Debug|Any CPU.Build.0 = Debug|Any CPU
		{7910B2EB-7093-4AA3-8E9E-FC2DE2A4D8D8}.Release|Any CPU.ActiveCfg = Release|Any CPU
		{7910B2EB-7093-4AA3-8E9E-FC2DE2A4D8D8}.Release|Any CPU.Build.0 = Release|Any CPU
		{0E007393-ACE4-4320-ACBD-5004DC3B44CB}.Debug|Any CPU.ActiveCfg = Debug|Any CPU
		{0E007393-ACE4-4320-ACBD-5004DC3B44CB}.Debug|Any CPU.Build.0 = Debug|Any CPU
		{0E007393-ACE4-4320-ACBD-5004DC3B44CB}.Release|Any CPU.ActiveCfg = Release|Any CPU
		{0E007393-ACE4-4320-ACBD-5004DC3B44CB}.Release|Any CPU.Build.0 = Release|Any CPU
	EndGlobalSection
	GlobalSection(SolutionProperties) = preSolution
		HideSolutionNode = FALSE
	EndGlobalSection
	GlobalSection(ExtensibilityGlobals) = postSolution
		SolutionGuid = {2E4A92B5-5779-4114-8801-30D6EF18A588}
	EndGlobalSection
EndGlobal
